
Microsoft Visual Studio Solution File, Format Version 12.00
# Visual Studio Version 17
VisualStudioVersion = 17.10.35004.147
MinimumVisualStudioVersion = 10.0.40219.1
Project("{FAE04EC0-301F-11D3-BF4B-00C04F79EFBC}") = "Лаб1ТПСтроки", "Лаб1ТПСтроки\Лаб1ТПСтроки.csproj", "{374983BA-5444-4429-84D3-B84323E8EB79}"
EndProject
Project("{FAE04EC0-301F-11D3-BF4B-00C04F79EFBC}") = "Лаб1ТПСтрокиTests", "Лаб1ТПСтрокиTests\Лаб1ТПСтрокиTests.csproj", "{F9F1047D-B2F7-4ACE-956D-17D9D66A43ED}"
EndProject
Global
	GlobalSection(SolutionConfigurationPlatforms) = preSolution
		Debug|Any CPU = Debug|Any CPU
		Release|Any CPU = Release|Any CPU
	EndGlobalSection
	GlobalSection(ProjectConfigurationPlatforms) = postSolution
		{374983BA-5444-4429-84D3-B84323E8EB79}.Debug|Any CPU.ActiveCfg = Debug|Any CPU
		{374983BA-5444-4429-84D3-B84323E8EB79}.Debug|Any CPU.Build.0 = Debug|Any CPU
		{374983BA-5444-4429-84D3-B84323E8EB79}.Release|Any CPU.ActiveCfg = Release|Any CPU
		{374983BA-5444-4429-84D3-B84323E8EB79}.Release|Any CPU.Build.0 = Release|Any CPU
		{F9F1047D-B2F7-4ACE-956D-17D9D66A43ED}.Debug|Any CPU.ActiveCfg = Debug|Any CPU
		{F9F1047D-B2F7-4ACE-956D-17D9D66A43ED}.Debug|Any CPU.Build.0 = Debug|Any CPU
		{F9F1047D-B2F7-4ACE-956D-17D9D66A43ED}.Release|Any CPU.ActiveCfg = Release|Any CPU
		{F9F1047D-B2F7-4ACE-956D-17D9D66A43ED}.Release|Any CPU.Build.0 = Release|Any CPU
	EndGlobalSection
	GlobalSection(SolutionProperties) = preSolution
		HideSolutionNode = FALSE
	EndGlobalSection
	GlobalSection(ExtensibilityGlobals) = postSolution
		SolutionGuid = {E7FA8390-5314-4FD3-82BD-27A0B39910D8}
	EndGlobalSection
EndGlobal
