
Microsoft Visual Studio Solution File, Format Version 12.00
# Visual Studio Version 17
VisualStudioVersion = 17.13.35806.99 d17.13
MinimumVisualStudioVersion = 10.0.40219.1
Project("{FAE04EC0-301F-11D3-BF4B-00C04F79EFBC}") = "lab5", "lab5\lab5.csproj", "{D2222E88-4545-4F97-A174-5B10BFF6FC8A}"
EndProject
Global
	GlobalSection(SolutionConfigurationPlatforms) = preSolution
		Debug|Any CPU = Debug|Any CPU
		Release|Any CPU = Release|Any CPU
	EndGlobalSection
	GlobalSection(ProjectConfigurationPlatforms) = postSolution
		{D2222E88-4545-4F97-A174-5B10BFF6FC8A}.Debug|Any CPU.ActiveCfg = Debug|Any CPU
		{D2222E88-4545-4F97-A174-5B10BFF6FC8A}.Debug|Any CPU.Build.0 = Debug|Any CPU
		{D2222E88-4545-4F97-A174-5B10BFF6FC8A}.Release|Any CPU.ActiveCfg = Release|Any CPU
		{D2222E88-4545-4F97-A174-5B10BFF6FC8A}.Release|Any CPU.Build.0 = Release|Any CPU
	EndGlobalSection
	GlobalSection(SolutionProperties) = preSolution
		HideSolutionNode = FALSE
	EndGlobalSection
	GlobalSection(ExtensibilityGlobals) = postSolution
		SolutionGuid = {33FF1B3A-5CB2-4B40-BC7E-E5C0070A3FC5}
	EndGlobalSection
EndGlobal
